
Microsoft Visual Studio Solution File, Format Version 12.00
# Visual Studio 2012
Project("{FAE04EC0-301F-11D3-BF4B-00C04F79EFBC}") = "SlidingTiles", "SlidingTiles\SlidingTiles.csproj", "{03FB56AC-B48A-4B49-A5A1-9B2199F6AA4C}"
EndProject
Global
	GlobalSection(SolutionConfigurationPlatforms) = preSolution
		Debug|iPhoneSimulator = Debug|iPhoneSimulator
		Release|iPhone = Release|iPhone
		Release|iPhoneSimulator = Release|iPhoneSimulator
		Debug|iPhone = Debug|iPhone
	EndGlobalSection
	GlobalSection(ProjectConfigurationPlatforms) = postSolution
		{03FB56AC-B48A-4B49-A5A1-9B2199F6AA4C}.Debug|iPhoneSimulator.ActiveCfg = Debug|iPhoneSimulator
		{03FB56AC-B48A-4B49-A5A1-9B2199F6AA4C}.Debug|iPhoneSimulator.Build.0 = Debug|iPhoneSimulator
		{03FB56AC-B48A-4B49-A5A1-9B2199F6AA4C}.Release|iPhone.ActiveCfg = Release|iPhone
		{03FB56AC-B48A-4B49-A5A1-9B2199F6AA4C}.Release|iPhone.Build.0 = Release|iPhone
		{03FB56AC-B48A-4B49-A5A1-9B2199F6AA4C}.Release|iPhoneSimulator.ActiveCfg = Release|iPhoneSimulator
		{03FB56AC-B48A-4B49-A5A1-9B2199F6AA4C}.Release|iPhoneSimulator.Build.0 = Release|iPhoneSimulator
		{03FB56AC-B48A-4B49-A5A1-9B2199F6AA4C}.Debug|iPhone.ActiveCfg = Debug|iPhone
		{03FB56AC-B48A-4B49-A5A1-9B2199F6AA4C}.Debug|iPhone.Build.0 = Debug|iPhone
	EndGlobalSection
EndGlobal
