
Microsoft Visual Studio Solution File, Format Version 12.00
# Visual Studio 2012
Project("{FAE04EC0-301F-11D3-BF4B-00C04F79EFBC}") = "TrackMyWalks.Android", "TrackMyWalks.Android\TrackMyWalks.Android.csproj", "{97FFB4FF-631B-42E2-92A4-7EA43833BF67}"
EndProject
Project("{FAE04EC0-301F-11D3-BF4B-00C04F79EFBC}") = "TrackMyWalks.iOS", "TrackMyWalks.iOS\TrackMyWalks.iOS.csproj", "{9D701539-EA4F-425B-B78D-586DFA0D74C3}"
EndProject
Project("{FAE04EC0-301F-11D3-BF4B-00C04F79EFBC}") = "TrackMyWalks", "TrackMyWalks\TrackMyWalks.csproj", "{08A7AC9D-812E-41B8-8BD3-3EE21C2CED48}"
EndProject
Project("{FAE04EC0-301F-11D3-BF4B-00C04F79EFBC}") = "TrackMyWalks.UnitTests", "TrackMyWalks.UnitTests\TrackMyWalks.UnitTests.csproj", "{B29B3495-50C3-458C-8A87-A87F3D34F014}"
EndProject
Project("{FAE04EC0-301F-11D3-BF4B-00C04F79EFBC}") = "TrackMyWalks.UITests", "TrackMyWalks.UITests\TrackMyWalks.UITests.csproj", "{D2E67DFA-FC4C-41D9-9368-9888F03B7C47}"
EndProject
Global
	GlobalSection(SolutionConfigurationPlatforms) = preSolution
		Debug|Any CPU = Debug|Any CPU
		Release|Any CPU = Release|Any CPU
		Debug|iPhoneSimulator = Debug|iPhoneSimulator
		Release|iPhoneSimulator = Release|iPhoneSimulator
		Debug|iPhone = Debug|iPhone
		Release|iPhone = Release|iPhone
		Ad-Hoc|iPhone = Ad-Hoc|iPhone
		AppStore|iPhone = AppStore|iPhone
	EndGlobalSection
	GlobalSection(ProjectConfigurationPlatforms) = postSolution
		{97FFB4FF-631B-42E2-92A4-7EA43833BF67}.Debug|Any CPU.ActiveCfg = Debug|Any CPU
		{97FFB4FF-631B-42E2-92A4-7EA43833BF67}.Debug|Any CPU.Build.0 = Debug|Any CPU
		{97FFB4FF-631B-42E2-92A4-7EA43833BF67}.Release|Any CPU.ActiveCfg = Release|Any CPU
		{97FFB4FF-631B-42E2-92A4-7EA43833BF67}.Release|Any CPU.Build.0 = Release|Any CPU
		{97FFB4FF-631B-42E2-92A4-7EA43833BF67}.Debug|iPhoneSimulator.ActiveCfg = Debug|Any CPU
		{97FFB4FF-631B-42E2-92A4-7EA43833BF67}.Debug|iPhoneSimulator.Build.0 = Debug|Any CPU
		{97FFB4FF-631B-42E2-92A4-7EA43833BF67}.Release|iPhoneSimulator.ActiveCfg = Release|Any CPU
		{97FFB4FF-631B-42E2-92A4-7EA43833BF67}.Release|iPhoneSimulator.Build.0 = Release|Any CPU
		{97FFB4FF-631B-42E2-92A4-7EA43833BF67}.Debug|iPhone.ActiveCfg = Debug|Any CPU
		{97FFB4FF-631B-42E2-92A4-7EA43833BF67}.Debug|iPhone.Build.0 = Debug|Any CPU
		{97FFB4FF-631B-42E2-92A4-7EA43833BF67}.Release|iPhone.ActiveCfg = Release|Any CPU
		{97FFB4FF-631B-42E2-92A4-7EA43833BF67}.Release|iPhone.Build.0 = Release|Any CPU
		{97FFB4FF-631B-42E2-92A4-7EA43833BF67}.Ad-Hoc|iPhone.ActiveCfg = Debug|Any CPU
		{97FFB4FF-631B-42E2-92A4-7EA43833BF67}.Ad-Hoc|iPhone.Build.0 = Debug|Any CPU
		{97FFB4FF-631B-42E2-92A4-7EA43833BF67}.AppStore|iPhone.ActiveCfg = Debug|Any CPU
		{97FFB4FF-631B-42E2-92A4-7EA43833BF67}.AppStore|iPhone.Build.0 = Debug|Any CPU
		{9D701539-EA4F-425B-B78D-586DFA0D74C3}.Debug|Any CPU.ActiveCfg = Debug|iPhoneSimulator
		{9D701539-EA4F-425B-B78D-586DFA0D74C3}.Debug|Any CPU.Build.0 = Debug|iPhoneSimulator
		{9D701539-EA4F-425B-B78D-586DFA0D74C3}.Release|Any CPU.ActiveCfg = Release|iPhoneSimulator
		{9D701539-EA4F-425B-B78D-586DFA0D74C3}.Release|Any CPU.Build.0 = Release|iPhoneSimulator
		{9D701539-EA4F-425B-B78D-586DFA0D74C3}.Debug|iPhoneSimulator.ActiveCfg = Debug|iPhoneSimulator
		{9D701539-EA4F-425B-B78D-586DFA0D74C3}.Debug|iPhoneSimulator.Build.0 = Debug|iPhoneSimulator
		{9D701539-EA4F-425B-B78D-586DFA0D74C3}.Release|iPhoneSimulator.ActiveCfg = Release|iPhoneSimulator
		{9D701539-EA4F-425B-B78D-586DFA0D74C3}.Release|iPhoneSimulator.Build.0 = Release|iPhoneSimulator
		{9D701539-EA4F-425B-B78D-586DFA0D74C3}.Debug|iPhone.ActiveCfg = Debug|iPhone
		{9D701539-EA4F-425B-B78D-586DFA0D74C3}.Debug|iPhone.Build.0 = Debug|iPhone
		{9D701539-EA4F-425B-B78D-586DFA0D74C3}.Release|iPhone.ActiveCfg = Release|iPhone
		{9D701539-EA4F-425B-B78D-586DFA0D74C3}.Release|iPhone.Build.0 = Release|iPhone
		{9D701539-EA4F-425B-B78D-586DFA0D74C3}.Ad-Hoc|iPhone.ActiveCfg = Ad-Hoc|iPhone
		{9D701539-EA4F-425B-B78D-586DFA0D74C3}.Ad-Hoc|iPhone.Build.0 = Ad-Hoc|iPhone
		{9D701539-EA4F-425B-B78D-586DFA0D74C3}.AppStore|iPhone.ActiveCfg = AppStore|iPhone
		{9D701539-EA4F-425B-B78D-586DFA0D74C3}.AppStore|iPhone.Build.0 = AppStore|iPhone
		{08A7AC9D-812E-41B8-8BD3-3EE21C2CED48}.Debug|Any CPU.ActiveCfg = Debug|Any CPU
		{08A7AC9D-812E-41B8-8BD3-3EE21C2CED48}.Debug|Any CPU.Build.0 = Debug|Any CPU
		{08A7AC9D-812E-41B8-8BD3-3EE21C2CED48}.Release|Any CPU.ActiveCfg = Release|Any CPU
		{08A7AC9D-812E-41B8-8BD3-3EE21C2CED48}.Release|Any CPU.Build.0 = Release|Any CPU
		{08A7AC9D-812E-41B8-8BD3-3EE21C2CED48}.Debug|iPhoneSimulator.ActiveCfg = Debug|Any CPU
		{08A7AC9D-812E-41B8-8BD3-3EE21C2CED48}.Debug|iPhoneSimulator.Build.0 = Debug|Any CPU
		{08A7AC9D-812E-41B8-8BD3-3EE21C2CED48}.Release|iPhoneSimulator.ActiveCfg = Release|Any CPU
		{08A7AC9D-812E-41B8-8BD3-3EE21C2CED48}.Release|iPhoneSimulator.Build.0 = Release|Any CPU
		{08A7AC9D-812E-41B8-8BD3-3EE21C2CED48}.Debug|iPhone.ActiveCfg = Debug|Any CPU
		{08A7AC9D-812E-41B8-8BD3-3EE21C2CED48}.Debug|iPhone.Build.0 = Debug|Any CPU
		{08A7AC9D-812E-41B8-8BD3-3EE21C2CED48}.Release|iPhone.ActiveCfg = Release|Any CPU
		{08A7AC9D-812E-41B8-8BD3-3EE21C2CED48}.Release|iPhone.Build.0 = Release|Any CPU
		{08A7AC9D-812E-41B8-8BD3-3EE21C2CED48}.Ad-Hoc|iPhone.ActiveCfg = Debug|Any CPU
		{08A7AC9D-812E-41B8-8BD3-3EE21C2CED48}.Ad-Hoc|iPhone.Build.0 = Debug|Any CPU
		{08A7AC9D-812E-41B8-8BD3-3EE21C2CED48}.AppStore|iPhone.ActiveCfg = Debug|Any CPU
		{08A7AC9D-812E-41B8-8BD3-3EE21C2CED48}.AppStore|iPhone.Build.0 = Debug|Any CPU
		{B29B3495-50C3-458C-8A87-A87F3D34F014}.Debug|Any CPU.ActiveCfg = Debug|Any CPU
		{B29B3495-50C3-458C-8A87-A87F3D34F014}.Debug|Any CPU.Build.0 = Debug|Any CPU
		{B29B3495-50C3-458C-8A87-A87F3D34F014}.Release|Any CPU.ActiveCfg = Release|Any CPU
		{B29B3495-50C3-458C-8A87-A87F3D34F014}.Release|Any CPU.Build.0 = Release|Any CPU
		{B29B3495-50C3-458C-8A87-A87F3D34F014}.Debug|iPhoneSimulator.ActiveCfg = Debug|Any CPU
		{B29B3495-50C3-458C-8A87-A87F3D34F014}.Debug|iPhoneSimulator.Build.0 = Debug|Any CPU
		{B29B3495-50C3-458C-8A87-A87F3D34F014}.Release|iPhoneSimulator.ActiveCfg = Release|Any CPU
		{B29B3495-50C3-458C-8A87-A87F3D34F014}.Release|iPhoneSimulator.Build.0 = Release|Any CPU
		{B29B3495-50C3-458C-8A87-A87F3D34F014}.Debug|iPhone.ActiveCfg = Debug|Any CPU
		{B29B3495-50C3-458C-8A87-A87F3D34F014}.Debug|iPhone.Build.0 = Debug|Any CPU
		{B29B3495-50C3-458C-8A87-A87F3D34F014}.Release|iPhone.ActiveCfg = Release|Any CPU
		{B29B3495-50C3-458C-8A87-A87F3D34F014}.Release|iPhone.Build.0 = Release|Any CPU
		{B29B3495-50C3-458C-8A87-A87F3D34F014}.Ad-Hoc|iPhone.ActiveCfg = Release|Any CPU
		{B29B3495-50C3-458C-8A87-A87F3D34F014}.Ad-Hoc|iPhone.Build.0 = Release|Any CPU
		{B29B3495-50C3-458C-8A87-A87F3D34F014}.AppStore|iPhone.ActiveCfg = Release|Any CPU
		{B29B3495-50C3-458C-8A87-A87F3D34F014}.AppStore|iPhone.Build.0 = Release|Any CPU
		{D2E67DFA-FC4C-41D9-9368-9888F03B7C47}.Debug|Any CPU.ActiveCfg = Debug|Any CPU
		{D2E67DFA-FC4C-41D9-9368-9888F03B7C47}.Debug|Any CPU.Build.0 = Debug|Any CPU
		{D2E67DFA-FC4C-41D9-9368-9888F03B7C47}.Release|Any CPU.ActiveCfg = Release|Any CPU
		{D2E67DFA-FC4C-41D9-9368-9888F03B7C47}.Release|Any CPU.Build.0 = Release|Any CPU
		{D2E67DFA-FC4C-41D9-9368-9888F03B7C47}.Debug|iPhoneSimulator.ActiveCfg = Debug|Any CPU
		{D2E67DFA-FC4C-41D9-9368-9888F03B7C47}.Debug|iPhoneSimulator.Build.0 = Debug|Any CPU
		{D2E67DFA-FC4C-41D9-9368-9888F03B7C47}.Release|iPhoneSimulator.ActiveCfg = Release|Any CPU
		{D2E67DFA-FC4C-41D9-9368-9888F03B7C47}.Release|iPhoneSimulator.Build.0 = Release|Any CPU
		{D2E67DFA-FC4C-41D9-9368-9888F03B7C47}.Debug|iPhone.ActiveCfg = Debug|Any CPU
		{D2E67DFA-FC4C-41D9-9368-9888F03B7C47}.Debug|iPhone.Build.0 = Debug|Any CPU
		{D2E67DFA-FC4C-41D9-9368-9888F03B7C47}.Release|iPhone.ActiveCfg = Release|Any CPU
		{D2E67DFA-FC4C-41D9-9368-9888F03B7C47}.Release|iPhone.Build.0 = Release|Any CPU
		{D2E67DFA-FC4C-41D9-9368-9888F03B7C47}.Ad-Hoc|iPhone.ActiveCfg = Release|Any CPU
		{D2E67DFA-FC4C-41D9-9368-9888F03B7C47}.Ad-Hoc|iPhone.Build.0 = Release|Any CPU
		{D2E67DFA-FC4C-41D9-9368-9888F03B7C47}.AppStore|iPhone.ActiveCfg = Release|Any CPU
		{D2E67DFA-FC4C-41D9-9368-9888F03B7C47}.AppStore|iPhone.Build.0 = Release|Any CPU
	EndGlobalSection
EndGlobal
